
Microsoft Visual Studio Solution File, Format Version 12.00
# Visual Studio Version 17
VisualStudioVersion = 17.0.31903.59
MinimumVisualStudioVersion = 10.0.40219.1
Project("{FAE04EC0-301F-11D3-BF4B-00C04F79EFBC}") = "ConsoleApp1", "ConsoleApp1\ConsoleApp1.csproj", "{8E30646D-3DBF-4718-83AE-94D4BF920489}"
EndProject
Project("{FAE04EC0-301F-11D3-BF4B-00C04F79EFBC}") = "ConsoleApp2", "ConsoleApp2\ConsoleApp2.csproj", "{7DCAD1F7-9617-4E40-AAF3-E110A038108F}"
EndProject
Project("{FAE04EC0-301F-11D3-BF4B-00C04F79EFBC}") = "Foobar", "Foobar\Foobar.csproj", "{0EC37AAA-6F8F-4AC7-958E-B4D2628030C1}"
EndProject
Project("{FAE04EC0-301F-11D3-BF4B-00C04F79EFBC}") = "StringsAndCharacters", "StringsAndCharacters\StringsAndCharacters.csproj", "{975E01B1-0913-4B40-BD39-F28ABDCA54FC}"
EndProject
Project("{FAE04EC0-301F-11D3-BF4B-00C04F79EFBC}") = "Array", "Array\Array.csproj", "{AEC47BA2-B1FF-49FB-B1E4-66CA7CA7DF9D}"
EndProject
Project("{FAE04EC0-301F-11D3-BF4B-00C04F79EFBC}") = "ParamOptionalAndNamed", "ParamOptionalAndNamed\ParamOptionalAndNamed.csproj", "{41A262A4-8D27-4CD2-B479-F0326FA588BB}"
EndProject
Project("{FAE04EC0-301F-11D3-BF4B-00C04F79EFBC}") = "Compound", "Compound\Compound.csproj", "{58619392-D7F7-42A7-AD11-17A15DD3C5F0}"
EndProject
Project("{FAE04EC0-301F-11D3-BF4B-00C04F79EFBC}") = "NullOperator", "NullOperator\NullOperator.csproj", "{C269D60C-DB0A-4016-9665-E19F436200C8}"
EndProject
Project("{FAE04EC0-301F-11D3-BF4B-00C04F79EFBC}") = "Statement", "Statement\Statement.csproj", "{FE2FEB0B-7FAA-43E4-B577-C5272089659B}"
EndProject
Project("{FAE04EC0-301F-11D3-BF4B-00C04F79EFBC}") = "Classes", "Classes\Classes.csproj", "{819B2663-12D8-462F-B009-C0A24CA0B98C}"
EndProject
Project("{FAE04EC0-301F-11D3-BF4B-00C04F79EFBC}") = "Inheritance", "Inheritance\Inheritance.csproj", "{71A0C9C7-A5D8-4236-8438-4A70CF836782}"
EndProject
Project("{FAE04EC0-301F-11D3-BF4B-00C04F79EFBC}") = "TheType", "StringsAndCharacters\TheType\TheType.csproj", "{89FE335C-2796-45D8-91E3-BB723DE9F5F2}"
EndProject
Project("{FAE04EC0-301F-11D3-BF4B-00C04F79EFBC}") = "Struct", "Struct\Struct.csproj", "{652B9CAF-C098-4982-8D92-D344E60087E1}"
EndProject
Project("{FAE04EC0-301F-11D3-BF4B-00C04F79EFBC}") = "LearnInterface", "LearnInterface\LearnInterface.csproj", "{165E5051-7630-40D3-84CC-259A93D148D3}"
EndProject
Project("{FAE04EC0-301F-11D3-BF4B-00C04F79EFBC}") = "LearnEnums", "LearnEnums\LearnEnums.csproj", "{93178D19-6391-4F22-A811-9DCE25BA43E5}"
EndProject
Project("{FAE04EC0-301F-11D3-BF4B-00C04F79EFBC}") = "LearnGenerics", "LearnGenerics\LearnGenerics.csproj", "{12170259-AAC4-4B86-9440-C8635B828133}"
EndProject
Project("{FAE04EC0-301F-11D3-BF4B-00C04F79EFBC}") = "Delegates", "Delegates\Delegates.csproj", "{EABED490-A65A-49FF-A842-162BCD7DF435}"
EndProject
Global
	GlobalSection(SolutionConfigurationPlatforms) = preSolution
		Debug|Any CPU = Debug|Any CPU
		Release|Any CPU = Release|Any CPU
	EndGlobalSection
	GlobalSection(ProjectConfigurationPlatforms) = postSolution
		{8E30646D-3DBF-4718-83AE-94D4BF920489}.Debug|Any CPU.ActiveCfg = Debug|Any CPU
		{8E30646D-3DBF-4718-83AE-94D4BF920489}.Debug|Any CPU.Build.0 = Debug|Any CPU
		{8E30646D-3DBF-4718-83AE-94D4BF920489}.Release|Any CPU.ActiveCfg = Release|Any CPU
		{8E30646D-3DBF-4718-83AE-94D4BF920489}.Release|Any CPU.Build.0 = Release|Any CPU
		{7DCAD1F7-9617-4E40-AAF3-E110A038108F}.Debug|Any CPU.ActiveCfg = Debug|Any CPU
		{7DCAD1F7-9617-4E40-AAF3-E110A038108F}.Debug|Any CPU.Build.0 = Debug|Any CPU
		{7DCAD1F7-9617-4E40-AAF3-E110A038108F}.Release|Any CPU.ActiveCfg = Release|Any CPU
		{7DCAD1F7-9617-4E40-AAF3-E110A038108F}.Release|Any CPU.Build.0 = Release|Any CPU
		{0EC37AAA-6F8F-4AC7-958E-B4D2628030C1}.Debug|Any CPU.ActiveCfg = Debug|Any CPU
		{0EC37AAA-6F8F-4AC7-958E-B4D2628030C1}.Debug|Any CPU.Build.0 = Debug|Any CPU
		{0EC37AAA-6F8F-4AC7-958E-B4D2628030C1}.Release|Any CPU.ActiveCfg = Release|Any CPU
		{0EC37AAA-6F8F-4AC7-958E-B4D2628030C1}.Release|Any CPU.Build.0 = Release|Any CPU
		{975E01B1-0913-4B40-BD39-F28ABDCA54FC}.Debug|Any CPU.ActiveCfg = Debug|Any CPU
		{975E01B1-0913-4B40-BD39-F28ABDCA54FC}.Debug|Any CPU.Build.0 = Debug|Any CPU
		{975E01B1-0913-4B40-BD39-F28ABDCA54FC}.Release|Any CPU.ActiveCfg = Release|Any CPU
		{975E01B1-0913-4B40-BD39-F28ABDCA54FC}.Release|Any CPU.Build.0 = Release|Any CPU
		{AEC47BA2-B1FF-49FB-B1E4-66CA7CA7DF9D}.Debug|Any CPU.ActiveCfg = Debug|Any CPU
		{AEC47BA2-B1FF-49FB-B1E4-66CA7CA7DF9D}.Debug|Any CPU.Build.0 = Debug|Any CPU
		{AEC47BA2-B1FF-49FB-B1E4-66CA7CA7DF9D}.Release|Any CPU.ActiveCfg = Release|Any CPU
		{AEC47BA2-B1FF-49FB-B1E4-66CA7CA7DF9D}.Release|Any CPU.Build.0 = Release|Any CPU
		{41A262A4-8D27-4CD2-B479-F0326FA588BB}.Debug|Any CPU.ActiveCfg = Debug|Any CPU
		{41A262A4-8D27-4CD2-B479-F0326FA588BB}.Debug|Any CPU.Build.0 = Debug|Any CPU
		{41A262A4-8D27-4CD2-B479-F0326FA588BB}.Release|Any CPU.ActiveCfg = Release|Any CPU
		{41A262A4-8D27-4CD2-B479-F0326FA588BB}.Release|Any CPU.Build.0 = Release|Any CPU
		{58619392-D7F7-42A7-AD11-17A15DD3C5F0}.Debug|Any CPU.ActiveCfg = Debug|Any CPU
		{58619392-D7F7-42A7-AD11-17A15DD3C5F0}.Debug|Any CPU.Build.0 = Debug|Any CPU
		{58619392-D7F7-42A7-AD11-17A15DD3C5F0}.Release|Any CPU.ActiveCfg = Release|Any CPU
		{58619392-D7F7-42A7-AD11-17A15DD3C5F0}.Release|Any CPU.Build.0 = Release|Any CPU
		{C269D60C-DB0A-4016-9665-E19F436200C8}.Debug|Any CPU.ActiveCfg = Debug|Any CPU
		{C269D60C-DB0A-4016-9665-E19F436200C8}.Debug|Any CPU.Build.0 = Debug|Any CPU
		{C269D60C-DB0A-4016-9665-E19F436200C8}.Release|Any CPU.ActiveCfg = Release|Any CPU
		{C269D60C-DB0A-4016-9665-E19F436200C8}.Release|Any CPU.Build.0 = Release|Any CPU
		{FE2FEB0B-7FAA-43E4-B577-C5272089659B}.Debug|Any CPU.ActiveCfg = Debug|Any CPU
		{FE2FEB0B-7FAA-43E4-B577-C5272089659B}.Debug|Any CPU.Build.0 = Debug|Any CPU
		{FE2FEB0B-7FAA-43E4-B577-C5272089659B}.Release|Any CPU.ActiveCfg = Release|Any CPU
		{FE2FEB0B-7FAA-43E4-B577-C5272089659B}.Release|Any CPU.Build.0 = Release|Any CPU
		{819B2663-12D8-462F-B009-C0A24CA0B98C}.Debug|Any CPU.ActiveCfg = Debug|Any CPU
		{819B2663-12D8-462F-B009-C0A24CA0B98C}.Debug|Any CPU.Build.0 = Debug|Any CPU
		{819B2663-12D8-462F-B009-C0A24CA0B98C}.Release|Any CPU.ActiveCfg = Release|Any CPU
		{819B2663-12D8-462F-B009-C0A24CA0B98C}.Release|Any CPU.Build.0 = Release|Any CPU
		{71A0C9C7-A5D8-4236-8438-4A70CF836782}.Debug|Any CPU.ActiveCfg = Debug|Any CPU
		{71A0C9C7-A5D8-4236-8438-4A70CF836782}.Debug|Any CPU.Build.0 = Debug|Any CPU
		{71A0C9C7-A5D8-4236-8438-4A70CF836782}.Release|Any CPU.ActiveCfg = Release|Any CPU
		{71A0C9C7-A5D8-4236-8438-4A70CF836782}.Release|Any CPU.Build.0 = Release|Any CPU
		{89FE335C-2796-45D8-91E3-BB723DE9F5F2}.Debug|Any CPU.ActiveCfg = Debug|Any CPU
		{89FE335C-2796-45D8-91E3-BB723DE9F5F2}.Debug|Any CPU.Build.0 = Debug|Any CPU
		{89FE335C-2796-45D8-91E3-BB723DE9F5F2}.Release|Any CPU.ActiveCfg = Release|Any CPU
		{89FE335C-2796-45D8-91E3-BB723DE9F5F2}.Release|Any CPU.Build.0 = Release|Any CPU
		{652B9CAF-C098-4982-8D92-D344E60087E1}.Debug|Any CPU.ActiveCfg = Debug|Any CPU
		{652B9CAF-C098-4982-8D92-D344E60087E1}.Debug|Any CPU.Build.0 = Debug|Any CPU
		{652B9CAF-C098-4982-8D92-D344E60087E1}.Release|Any CPU.ActiveCfg = Release|Any CPU
		{652B9CAF-C098-4982-8D92-D344E60087E1}.Release|Any CPU.Build.0 = Release|Any CPU
		{165E5051-7630-40D3-84CC-259A93D148D3}.Debug|Any CPU.ActiveCfg = Debug|Any CPU
		{165E5051-7630-40D3-84CC-259A93D148D3}.Debug|Any CPU.Build.0 = Debug|Any CPU
		{165E5051-7630-40D3-84CC-259A93D148D3}.Release|Any CPU.ActiveCfg = Release|Any CPU
		{165E5051-7630-40D3-84CC-259A93D148D3}.Release|Any CPU.Build.0 = Release|Any CPU
		{93178D19-6391-4F22-A811-9DCE25BA43E5}.Debug|Any CPU.ActiveCfg = Debug|Any CPU
		{93178D19-6391-4F22-A811-9DCE25BA43E5}.Debug|Any CPU.Build.0 = Debug|Any CPU
		{93178D19-6391-4F22-A811-9DCE25BA43E5}.Release|Any CPU.ActiveCfg = Release|Any CPU
		{93178D19-6391-4F22-A811-9DCE25BA43E5}.Release|Any CPU.Build.0 = Release|Any CPU
		{12170259-AAC4-4B86-9440-C8635B828133}.Debug|Any CPU.ActiveCfg = Debug|Any CPU
		{12170259-AAC4-4B86-9440-C8635B828133}.Debug|Any CPU.Build.0 = Debug|Any CPU
		{12170259-AAC4-4B86-9440-C8635B828133}.Release|Any CPU.ActiveCfg = Release|Any CPU
		{12170259-AAC4-4B86-9440-C8635B828133}.Release|Any CPU.Build.0 = Release|Any CPU
		{EABED490-A65A-49FF-A842-162BCD7DF435}.Debug|Any CPU.ActiveCfg = Debug|Any CPU
		{EABED490-A65A-49FF-A842-162BCD7DF435}.Debug|Any CPU.Build.0 = Debug|Any CPU
		{EABED490-A65A-49FF-A842-162BCD7DF435}.Release|Any CPU.ActiveCfg = Release|Any CPU
		{EABED490-A65A-49FF-A842-162BCD7DF435}.Release|Any CPU.Build.0 = Release|Any CPU
	EndGlobalSection
	GlobalSection(SolutionProperties) = preSolution
		HideSolutionNode = FALSE
	EndGlobalSection
EndGlobal
